
Microsoft Visual Studio Solution File, Format Version 11.00
# Visual Studio 2010
Project("{FAE04EC0-301F-11D3-BF4B-00C04F79EFBC}") = "FirstAI", "Assembly-CSharp.csproj", "{6D09EDD5-3486-51BA-ED1C-25399312140A}"
EndProject
Global
	GlobalSection(SolutionConfigurationPlatforms) = preSolution
		Debug|Any CPU = Debug|Any CPU
		Release|Any CPU = Release|Any CPU
	EndGlobalSection
	GlobalSection(ProjectConfigurationPlatforms) = postSolution
		{6D09EDD5-3486-51BA-ED1C-25399312140A}.Debug|Any CPU.ActiveCfg = Debug|Any CPU
		{6D09EDD5-3486-51BA-ED1C-25399312140A}.Debug|Any CPU.Build.0 = Debug|Any CPU
		{6D09EDD5-3486-51BA-ED1C-25399312140A}.Release|Any CPU.ActiveCfg = Release|Any CPU
		{6D09EDD5-3486-51BA-ED1C-25399312140A}.Release|Any CPU.Build.0 = Release|Any CPU
	EndGlobalSection
	GlobalSection(SolutionProperties) = preSolution
		HideSolutionNode = FALSE
	EndGlobalSection
	GlobalSection(MonoDevelopProperties) = preSolution
		StartupItem = Assembly-CSharp.csproj
	EndGlobalSection
EndGlobal
